
Microsoft Visual Studio Solution File, Format Version 12.00
# Visual Studio Version 16
VisualStudioVersion = 16.0.29609.76
MinimumVisualStudioVersion = 10.0.40219.1
Project("{888888A0-9F3D-457C-B088-3A5042F75D52}") = "DjangoProject", "DjangoProject\DjangoProject.pyproj", "{1D867812-52CE-427A-8C09-6C37B04F84B5}"
EndProject
Global
	GlobalSection(SolutionConfigurationPlatforms) = preSolution
		Debug|Any CPU = Debug|Any CPU
		Release|Any CPU = Release|Any CPU
	EndGlobalSection
	GlobalSection(ProjectConfigurationPlatforms) = postSolution
		{1D867812-52CE-427A-8C09-6C37B04F84B5}.Debug|Any CPU.ActiveCfg = Debug|Any CPU
		{1D867812-52CE-427A-8C09-6C37B04F84B5}.Debug|Any CPU.Build.0 = Debug|Any CPU
		{1D867812-52CE-427A-8C09-6C37B04F84B5}.Release|Any CPU.ActiveCfg = Release|Any CPU
		{1D867812-52CE-427A-8C09-6C37B04F84B5}.Release|Any CPU.Build.0 = Release|Any CPU
	EndGlobalSection
	GlobalSection(SolutionProperties) = preSolution
		HideSolutionNode = FALSE
	EndGlobalSection
	GlobalSection(ExtensibilityGlobals) = postSolution
		SolutionGuid = {14C9F181-44C4-4C11-9B23-652B27C73F59}
	EndGlobalSection
EndGlobal
